{
  "name": "Snapshot",
  "lockfileVersion": 3,
  "requires": true,
  "packages": {
    "": {
      "dependencies": {
        "xlsx": "file:vendor/xlsx-0.19.3.tgz"
      }
    },
    "node_modules/xlsx": {
      "version": "0.19.3",
      "resolved": "file:vendor/xlsx-0.19.3.tgz",
      "integrity": "sha512-8IfgFctB7fkvqkTGF2MnrDrC6vzE28Wcc1aSbdDQ+4/WFtzfS73YuapbuaPZwGqpR2e0EeDMIrFOJubQVLWFNA==",
      "license": "Apache-2.0",
      "bin": {
        "xlsx": "bin/xlsx.njs"
      },
      "engines": {
        "node": ">=0.8"
      }
    }
  }
}
